
Microsoft Visual Studio Solution File, Format Version 12.00
# Visual Studio Version 17
VisualStudioVersion = 17.11.35327.3
MinimumVisualStudioVersion = 10.0.40219.1
Project("{9A19103F-16F7-4668-BE54-9A1E7A4F7556}") = "Day1", "Day1\Day1.csproj", "{D5BE8EA1-9DE2-45C3-B741-908718663BAC}"
EndProject
Global
	GlobalSection(SolutionConfigurationPlatforms) = preSolution
		Debug|Any CPU = Debug|Any CPU
		Release|Any CPU = Release|Any CPU
	EndGlobalSection
	GlobalSection(ProjectConfigurationPlatforms) = postSolution
		{D5BE8EA1-9DE2-45C3-B741-908718663BAC}.Debug|Any CPU.ActiveCfg = Debug|Any CPU
		{D5BE8EA1-9DE2-45C3-B741-908718663BAC}.Debug|Any CPU.Build.0 = Debug|Any CPU
		{D5BE8EA1-9DE2-45C3-B741-908718663BAC}.Release|Any CPU.ActiveCfg = Release|Any CPU
		{D5BE8EA1-9DE2-45C3-B741-908718663BAC}.Release|Any CPU.Build.0 = Release|Any CPU
	EndGlobalSection
	GlobalSection(SolutionProperties) = preSolution
		HideSolutionNode = FALSE
	EndGlobalSection
	GlobalSection(ExtensibilityGlobals) = postSolution
		SolutionGuid = {74E6344A-74C9-4107-80DF-F28743C90CFF}
	EndGlobalSection
EndGlobal
